
Microsoft Visual Studio Solution File, Format Version 12.00
# Visual Studio Version 17
VisualStudioVersion = 17.8.34330.188
MinimumVisualStudioVersion = 10.0.40219.1
Project("{9A19103F-16F7-4668-BE54-9A1E7A4F7556}") = "blazorLabWebutveckling", "blazorLabWebutveckling\blazorLabWebutveckling\blazorLabWebutveckling.csproj", "{482E6B48-2F24-49D1-A799-82669B000BFC}"
EndProject
Project("{9A19103F-16F7-4668-BE54-9A1E7A4F7556}") = "blazorLabWebutveckling.Client", "blazorLabWebutveckling\blazorLabWebutveckling.Client\blazorLabWebutveckling.Client.csproj", "{195C8778-3FC8-46D5-B604-17B4528C1EC1}"
EndProject
Global
	GlobalSection(SolutionConfigurationPlatforms) = preSolution
		Debug|Any CPU = Debug|Any CPU
		Release|Any CPU = Release|Any CPU
	EndGlobalSection
	GlobalSection(ProjectConfigurationPlatforms) = postSolution
		{482E6B48-2F24-49D1-A799-82669B000BFC}.Debug|Any CPU.ActiveCfg = Debug|Any CPU
		{482E6B48-2F24-49D1-A799-82669B000BFC}.Debug|Any CPU.Build.0 = Debug|Any CPU
		{482E6B48-2F24-49D1-A799-82669B000BFC}.Release|Any CPU.ActiveCfg = Release|Any CPU
		{482E6B48-2F24-49D1-A799-82669B000BFC}.Release|Any CPU.Build.0 = Release|Any CPU
		{195C8778-3FC8-46D5-B604-17B4528C1EC1}.Debug|Any CPU.ActiveCfg = Debug|Any CPU
		{195C8778-3FC8-46D5-B604-17B4528C1EC1}.Debug|Any CPU.Build.0 = Debug|Any CPU
		{195C8778-3FC8-46D5-B604-17B4528C1EC1}.Release|Any CPU.ActiveCfg = Release|Any CPU
		{195C8778-3FC8-46D5-B604-17B4528C1EC1}.Release|Any CPU.Build.0 = Release|Any CPU
	EndGlobalSection
	GlobalSection(SolutionProperties) = preSolution
		HideSolutionNode = FALSE
	EndGlobalSection
	GlobalSection(ExtensibilityGlobals) = postSolution
		SolutionGuid = {A33E6214-5BAD-4CA4-9E8E-C5436323CF58}
	EndGlobalSection
EndGlobal
